
Microsoft Visual Studio Solution File, Format Version 12.00
Project("{FAE04EC0-301F-11D3-BF4B-00C04F79EFBC}") = "WebApplication6", "WebApplication6\WebApplication6.csproj", "{8335EC48-EC84-4D7C-B7A7-35CC1BA6434A}"
EndProject
Global
	GlobalSection(SolutionConfigurationPlatforms) = preSolution
		Debug|Any CPU = Debug|Any CPU
		Release|Any CPU = Release|Any CPU
	EndGlobalSection
	GlobalSection(ProjectConfigurationPlatforms) = postSolution
		{8335EC48-EC84-4D7C-B7A7-35CC1BA6434A}.Debug|Any CPU.ActiveCfg = Debug|Any CPU
		{8335EC48-EC84-4D7C-B7A7-35CC1BA6434A}.Debug|Any CPU.Build.0 = Debug|Any CPU
		{8335EC48-EC84-4D7C-B7A7-35CC1BA6434A}.Release|Any CPU.ActiveCfg = Release|Any CPU
		{8335EC48-EC84-4D7C-B7A7-35CC1BA6434A}.Release|Any CPU.Build.0 = Release|Any CPU
	EndGlobalSection
EndGlobal
